Microsoft Visual Studio Solution File, Format Version 12.00
# Visual Studio Version 17
VisualStudioVersion = 17.5.2.0
MinimumVisualStudioVersion = 10.0.40219.1
Project("{2150E333-8FDC-42A3-9474-1A3956D46DE8}") = "Joshua", "Joshua", "{A84D4680-E325-C10A-D276-8141927539F9}"
EndProject
Project("{FAE04EC0-301F-11D3-BF4B-00C04F79EFBC}") = "Day01", "Joshua\Day01\Day01.csproj", "{C54A04FA-4282-758C-594B-50319BDF83E1}"
EndProject
Global
	GlobalSection(SolutionConfigurationPlatforms) = preSolution
		Debug|Any CPU = Debug|Any CPU
		Release|Any CPU = Release|Any CPU
	EndGlobalSection
	GlobalSection(ProjectConfigurationPlatforms) = postSolution
		{C54A04FA-4282-758C-594B-50319BDF83E1}.Debug|Any CPU.ActiveCfg = Debug|Any CPU
		{C54A04FA-4282-758C-594B-50319BDF83E1}.Debug|Any CPU.Build.0 = Debug|Any CPU
		{C54A04FA-4282-758C-594B-50319BDF83E1}.Release|Any CPU.ActiveCfg = Release|Any CPU
		{C54A04FA-4282-758C-594B-50319BDF83E1}.Release|Any CPU.Build.0 = Release|Any CPU
	EndGlobalSection
	GlobalSection(SolutionProperties) = preSolution
		HideSolutionNode = FALSE
	EndGlobalSection
	GlobalSection(NestedProjects) = preSolution
		{C54A04FA-4282-758C-594B-50319BDF83E1} = {A84D4680-E325-C10A-D276-8141927539F9}
	EndGlobalSection
	GlobalSection(ExtensibilityGlobals) = postSolution
		SolutionGuid = {DCD04956-6815-4975-9FC0-D3BC3F2D2FEA}
	EndGlobalSection
EndGlobal
